
Microsoft Visual Studio Solution File, Format Version 12.00
# Visual Studio 2012
Project("{FAE04EC0-301F-11D3-BF4B-00C04F79EFBC}") = "GCGL_Client", "GCGL_Client\GCGL_Client.csproj", "{10C1E4E4-374B-4428-AFA3-1491D27231D0}"
	ProjectSection(ProjectDependencies) = postProject
		{67B22E0B-8C34-46AF-AB63-80853148F836} = {67B22E0B-8C34-46AF-AB63-80853148F836}
	EndProjectSection
EndProject
Project("{FAE04EC0-301F-11D3-BF4B-00C04F79EFBC}") = "GCGL_Service", "GCGL_Service\GCGL_Service.csproj", "{67B22E0B-8C34-46AF-AB63-80853148F836}"
EndProject
Project("{FAE04EC0-301F-11D3-BF4B-00C04F79EFBC}") = "TY.PrintCard", "TY.PrintCard\TY.PrintCard.csproj", "{654C21B0-E727-4953-959D-E998E3877808}"
EndProject
Project("{FAE04EC0-301F-11D3-BF4B-00C04F79EFBC}") = "DN_FileSvc", "DN_FileSvc\DN_FileSvc.csproj", "{A1D383C5-78F3-4378-A48F-970F1B5BD52E}"
EndProject
Global
	GlobalSection(SolutionConfigurationPlatforms) = preSolution
		Debug|Any CPU = Debug|Any CPU
		Debug|Mixed Platforms = Debug|Mixed Platforms
		Debug|x86 = Debug|x86
		Release|Any CPU = Release|Any CPU
		Release|Mixed Platforms = Release|Mixed Platforms
		Release|x86 = Release|x86
	EndGlobalSection
	GlobalSection(ProjectConfigurationPlatforms) = postSolution
		{10C1E4E4-374B-4428-AFA3-1491D27231D0}.Debug|Any CPU.ActiveCfg = Debug|x86
		{10C1E4E4-374B-4428-AFA3-1491D27231D0}.Debug|Mixed Platforms.ActiveCfg = Debug|x86
		{10C1E4E4-374B-4428-AFA3-1491D27231D0}.Debug|Mixed Platforms.Build.0 = Debug|x86
		{10C1E4E4-374B-4428-AFA3-1491D27231D0}.Debug|x86.ActiveCfg = Debug|x86
		{10C1E4E4-374B-4428-AFA3-1491D27231D0}.Debug|x86.Build.0 = Debug|x86
		{10C1E4E4-374B-4428-AFA3-1491D27231D0}.Release|Any CPU.ActiveCfg = Release|x86
		{10C1E4E4-374B-4428-AFA3-1491D27231D0}.Release|Mixed Platforms.ActiveCfg = Release|x86
		{10C1E4E4-374B-4428-AFA3-1491D27231D0}.Release|Mixed Platforms.Build.0 = Release|x86
		{10C1E4E4-374B-4428-AFA3-1491D27231D0}.Release|x86.ActiveCfg = Release|x86
		{10C1E4E4-374B-4428-AFA3-1491D27231D0}.Release|x86.Build.0 = Release|x86
		{67B22E0B-8C34-46AF-AB63-80853148F836}.Debug|Any CPU.ActiveCfg = Debug|Any CPU
		{67B22E0B-8C34-46AF-AB63-80853148F836}.Debug|Any CPU.Build.0 = Debug|Any CPU
		{67B22E0B-8C34-46AF-AB63-80853148F836}.Debug|Mixed Platforms.ActiveCfg = Debug|Any CPU
		{67B22E0B-8C34-46AF-AB63-80853148F836}.Debug|Mixed Platforms.Build.0 = Debug|Any CPU
		{67B22E0B-8C34-46AF-AB63-80853148F836}.Debug|x86.ActiveCfg = Debug|x86
		{67B22E0B-8C34-46AF-AB63-80853148F836}.Debug|x86.Build.0 = Debug|x86
		{67B22E0B-8C34-46AF-AB63-80853148F836}.Release|Any CPU.ActiveCfg = Release|Any CPU
		{67B22E0B-8C34-46AF-AB63-80853148F836}.Release|Any CPU.Build.0 = Release|Any CPU
		{67B22E0B-8C34-46AF-AB63-80853148F836}.Release|Mixed Platforms.ActiveCfg = Release|Any CPU
		{67B22E0B-8C34-46AF-AB63-80853148F836}.Release|Mixed Platforms.Build.0 = Release|Any CPU
		{67B22E0B-8C34-46AF-AB63-80853148F836}.Release|x86.ActiveCfg = Release|Any CPU
		{654C21B0-E727-4953-959D-E998E3877808}.Debug|Any CPU.ActiveCfg = Debug|Any CPU
		{654C21B0-E727-4953-959D-E998E3877808}.Debug|Any CPU.Build.0 = Debug|Any CPU
		{654C21B0-E727-4953-959D-E998E3877808}.Debug|Mixed Platforms.ActiveCfg = Debug|Any CPU
		{654C21B0-E727-4953-959D-E998E3877808}.Debug|Mixed Platforms.Build.0 = Debug|Any CPU
		{654C21B0-E727-4953-959D-E998E3877808}.Debug|x86.ActiveCfg = Debug|Any CPU
		{654C21B0-E727-4953-959D-E998E3877808}.Release|Any CPU.ActiveCfg = Release|Any CPU
		{654C21B0-E727-4953-959D-E998E3877808}.Release|Any CPU.Build.0 = Release|Any CPU
		{654C21B0-E727-4953-959D-E998E3877808}.Release|Mixed Platforms.ActiveCfg = Release|Any CPU
		{654C21B0-E727-4953-959D-E998E3877808}.Release|Mixed Platforms.Build.0 = Release|Any CPU
		{654C21B0-E727-4953-959D-E998E3877808}.Release|x86.ActiveCfg = Release|Any CPU
		{A1D383C5-78F3-4378-A48F-970F1B5BD52E}.Debug|Any CPU.ActiveCfg = Debug|Any CPU
		{A1D383C5-78F3-4378-A48F-970F1B5BD52E}.Debug|Any CPU.Build.0 = Debug|Any CPU
		{A1D383C5-78F3-4378-A48F-970F1B5BD52E}.Debug|Mixed Platforms.ActiveCfg = Debug|Any CPU
		{A1D383C5-78F3-4378-A48F-970F1B5BD52E}.Debug|Mixed Platforms.Build.0 = Debug|Any CPU
		{A1D383C5-78F3-4378-A48F-970F1B5BD52E}.Debug|x86.ActiveCfg = Debug|Any CPU
		{A1D383C5-78F3-4378-A48F-970F1B5BD52E}.Release|Any CPU.ActiveCfg = Release|Any CPU
		{A1D383C5-78F3-4378-A48F-970F1B5BD52E}.Release|Any CPU.Build.0 = Release|Any CPU
		{A1D383C5-78F3-4378-A48F-970F1B5BD52E}.Release|Mixed Platforms.ActiveCfg = Release|Any CPU
		{A1D383C5-78F3-4378-A48F-970F1B5BD52E}.Release|Mixed Platforms.Build.0 = Release|Any CPU
		{A1D383C5-78F3-4378-A48F-970F1B5BD52E}.Release|x86.ActiveCfg = Release|Any CPU
	EndGlobalSection
	GlobalSection(SolutionProperties) = preSolution
		HideSolutionNode = FALSE
	EndGlobalSection
EndGlobal
